// !$*UTF8*$!
{
	archiveVersion = 1;
	classes = {
	};
	objectVersion = 50;
	objects = {

/* Begin PBXBuildFile section */
		B1D2BF302355CB6100F36F47 /* AppDelegate.swift in Sources */ = {isa = PBXBuildFile; fileRef = B1D2BF2F2355CB6100F36F47 /* AppDelegate.swift */; };
		B1D2BF322355CB6100F36F47 /* SceneDelegate.swift in Sources */ = {isa = PBXBuildFile; fileRef = B1D2BF312355CB6100F36F47 /* SceneDelegate.swift */; };
		B1D2BF342355CB6100F36F47 /* ViewController.swift in Sources */ = {isa = PBXBuildFile; fileRef = B1D2BF332355CB6100F36F47 /* ViewController.swift */; };
		B1D2BF372355CB6100F36F47 /* Main.storyboard in Resources */ = {isa = PBXBuildFile; fileRef = B1D2BF352355CB6100F36F47 /* Main.storyboard */; };
		B1D2BF392355CB6200F36F47 /* Assets.xcassets in Resources */ = {isa = PBXBuildFile; fileRef = B1D2BF382355CB6200F36F47 /* Assets.xcassets */; };
		B1D2BF3C2355CB6200F36F47 /* LaunchScreen.storyboard in Resources */ = {isa = PBXBuildFile; fileRef = B1D2BF3A2355CB6200F36F47 /* LaunchScreen.storyboard */; };
		B1D2BF472355CB6200F36F47 /* ObservablePatternTests.swift in Sources */ = {isa = PBXBuildFile; fileRef = B1D2BF462355CB6200F36F47 /* ObservablePatternTests.swift */; };
		B1D2BF532355CC1200F36F47 /* Subject.swift in Sources */ = {isa = PBXBuildFile; fileRef = B1D2BF522355CC1200F36F47 /* Subject.swift */; };
		B1D2BF552355CD1000F36F47 /* Observer.swift in Sources */ = {isa = PBXBuildFile; fileRef = B1D2BF542355CD1000F36F47 /* Observer.swift */; };
/* End PBXBuildFile section */

/* Begin PBXContainerItemProxy section */
		B1D2BF432355CB6200F36F47 /* PBXContainerItemProxy */ = {
			isa = PBXContainerItemProxy;
			containerPortal = B1D2BF242355CB6100F36F47 /* Project object */;
			proxyType = 1;
			remoteGlobalIDString = B1D2BF2B2355CB6100F36F47;
			remoteInfo = ObservablePattern;
		};
/* End PBXContainerItemProxy section */

/* Begin PBXFileReference section */
		B1D2BF2C2355CB6100F36F47 /* ObservablePattern.app */ = {isa = PBXFileReference; explicitFileType = wrapper.application; includeInIndex = 0; path = ObservablePattern.app; sourceTree = BUILT_PRODUCTS_DIR; };
		B1D2BF2F2355CB6100F36F47 /* AppDelegate.swift */ = {isa = PBXFileReference; lastKnownFileType = sourcecode.swift; path = AppDelegate.swift; sourceTree = "<group>"; };
		B1D2BF312355CB6100F36F47 /* SceneDelegate.swift */ = {isa = PBXFileReference; lastKnownFileType = sourcecode.swift; path = SceneDelegate.swift; sourceTree = "<group>"; };
		B1D2BF332355CB6100F36F47 /* ViewController.swift */ = {isa = PBXFileReference; lastKnownFileType = sourcecode.swift; path = ViewController.swift; sourceTree = "<group>"; };
		B1D2BF362355CB6100F36F47 /* Base */ = {isa = PBXFileReference; lastKnownFileType = file.storyboard; name = Base; path = Base.lproj/Main.storyboard; sourceTree = "<group>"; };
		B1D2BF382355CB6200F36F47 /* Assets.xcassets */ = {isa = PBXFileReference; lastKnownFileType = folder.assetcatalog; path = Assets.xcassets; sourceTree = "<group>"; };
		B1D2BF3B2355CB6200F36F47 /* Base */ = {isa = PBXFileReference; lastKnownFileType = file.storyboard; name = Base; path = Base.lproj/LaunchScreen.storyboard; sourceTree = "<group>"; };
		B1D2BF3D2355CB6200F36F47 /* Info.plist */ = {isa = PBXFileReference; lastKnownFileType = text.plist.xml; path = Info.plist; sourceTree = "<group>"; };
		B1D2BF422355CB6200F36F47 /* ObservablePatternTests.xctest */ = {isa = PBXFileReference; explicitFileType = wrapper.cfbundle; includeInIndex = 0; path = ObservablePatternTests.xctest; sourceTree = BUILT_PRODUCTS_DIR; };
		B1D2BF462355CB6200F36F47 /* ObservablePatternTests.swift */ = {isa = PBXFileReference; lastKnownFileType = sourcecode.swift; path = ObservablePatternTests.swift; sourceTree = "<group>"; };
		B1D2BF482355CB6200F36F47 /* Info.plist */ = {isa = PBXFileReference; lastKnownFileType = text.plist.xml; path = Info.plist; sourceTree = "<group>"; };
		B1D2BF522355CC1200F36F47 /* Subject.swift */ = {isa = PBXFileReference; lastKnownFileType = sourcecode.swift; path = Subject.swift; sourceTree = "<group>"; };
		B1D2BF542355CD1000F36F47 /* Observer.swift */ = {isa = PBXFileReference; lastKnownFileType = sourcecode.swift; path = Observer.swift; sourceTree = "<group>"; };
/* End PBXFileReference section */

/* Begin PBXFrameworksBuildPhase section */
		B1D2BF292355CB6100F36F47 /* Frameworks */ = {
			isa = PBXFrameworksBuildPhase;
			buildActionMask = 2147483647;
			files = (
			);
			runOnlyForDeploymentPostprocessing = 0;
		};
		B1D2BF3F2355CB6200F36F47 /* Frameworks */ = {
			isa = PBXFrameworksBuildPhase;
			buildActionMask = 2147483647;
			files = (
			);
			runOnlyForDeploymentPostprocessing = 0;
		};
/* End PBXFrameworksBuildPhase section */

/* Begin PBXGroup section */
		B1D2BF232355CB6100F36F47 = {
			isa = PBXGroup;
			children = (
				B1D2BF2E2355CB6100F36F47 /* ObservablePattern */,
				B1D2BF452355CB6200F36F47 /* ObservablePatternTests */,
				B1D2BF2D2355CB6100F36F47 /* Products */,
			);
			sourceTree = "<group>";
		};
		B1D2BF2D2355CB6100F36F47 /* Products */ = {
			isa = PBXGroup;
			children = (
				B1D2BF2C2355CB6100F36F47 /* ObservablePattern.app */,
				B1D2BF422355CB6200F36F47 /* ObservablePatternTests.xctest */,
			);
			name = Products;
			sourceTree = "<group>";
		};
		B1D2BF2E2355CB6100F36F47 /* ObservablePattern */ = {
			isa = PBXGroup;
			children = (
				B1D2BF512355CC0100F36F47 /* PatternClasses */,
				B1D2BF2F2355CB6100F36F47 /* AppDelegate.swift */,
				B1D2BF312355CB6100F36F47 /* SceneDelegate.swift */,
				B1D2BF332355CB6100F36F47 /* ViewController.swift */,
				B1D2BF352355CB6100F36F47 /* Main.storyboard */,
				B1D2BF382355CB6200F36F47 /* Assets.xcassets */,
				B1D2BF3A2355CB6200F36F47 /* LaunchScreen.storyboard */,
				B1D2BF3D2355CB6200F36F47 /* Info.plist */,
			);
			path = ObservablePattern;
			sourceTree = "<group>";
		};
		B1D2BF452355CB6200F36F47 /* ObservablePatternTests */ = {
			isa = PBXGroup;
			children = (
				B1D2BF462355CB6200F36F47 /* ObservablePatternTests.swift */,
				B1D2BF482355CB6200F36F47 /* Info.plist */,
			);
			path = ObservablePatternTests;
			sourceTree = "<group>";
		};
		B1D2BF512355CC0100F36F47 /* PatternClasses */ = {
			isa = PBXGroup;
			children = (
				B1D2BF522355CC1200F36F47 /* Subject.swift */,
				B1D2BF542355CD1000F36F47 /* Observer.swift */,
			);
			path = PatternClasses;
			sourceTree = "<group>";
		};
/* End PBXGroup section */

/* Begin PBXNativeTarget section */
		B1D2BF2B2355CB6100F36F47 /* ObservablePattern */ = {
			isa = PBXNativeTarget;
			buildConfigurationList = B1D2BF4B2355CB6200F36F47 /* Build configuration list for PBXNativeTarget "ObservablePattern" */;
			buildPhases = (
				B1D2BF282355CB6100F36F47 /* Sources */,
				B1D2BF292355CB6100F36F47 /* Frameworks */,
				B1D2BF2A2355CB6100F36F47 /* Resources */,
			);
			buildRules = (
			);
			dependencies = (
			);
			name = ObservablePattern;
			productName = ObservablePattern;
			productReference = B1D2BF2C2355CB6100F36F47 /* ObservablePattern.app */;
			productType = "com.apple.product-type.application";
		};
		B1D2BF412355CB6200F36F47 /* ObservablePatternTests */ = {
			isa = PBXNativeTarget;
			buildConfigurationList = B1D2BF4E2355CB6200F36F47 /* Build configuration list for PBXNativeTarget "ObservablePatternTests" */;
			buildPhases = (
				B1D2BF3E2355CB6200F36F47 /* Sources */,
				B1D2BF3F2355CB6200F36F47 /* Frameworks */,
				B1D2BF402355CB6200F36F47 /* Resources */,
			);
			buildRules = (
			);
			dependencies = (
				B1D2BF442355CB6200F36F47 /* PBXTargetDependency */,
			);
			name = ObservablePatternTests;
			productName = ObservablePatternTests;
			productReference = B1D2BF422355CB6200F36F47 /* ObservablePatternTests.xctest */;
			productType = "com.apple.product-type.bundle.unit-test";
		};
/* End PBXNativeTarget section */

/* Begin PBXProject section */
		B1D2BF242355CB6100F36F47 /* Project object */ = {
			isa = PBXProject;
			attributes = {
				LastSwiftUpdateCheck = 1110;
				LastUpgradeCheck = 1110;
				ORGANIZATIONNAME = Maola;
				TargetAttributes = {
					B1D2BF2B2355CB6100F36F47 = {
						CreatedOnToolsVersion = 11.1;
					};
					B1D2BF412355CB6200F36F47 = {
						CreatedOnToolsVersion = 11.1;
						TestTargetID = B1D2BF2B2355CB6100F36F47;
					};
				};
			};
			buildConfigurationList = B1D2BF272355CB6100F36F47 /* Build configuration list for PBXProject "ObservablePattern" */;
			compatibilityVersion = "Xcode 9.3";
			developmentRegion = en;
			hasScannedForEncodings = 0;
			knownRegions = (
				en,
				Base,
			);
			mainGroup = B1D2BF232355CB6100F36F47;
			productRefGroup = B1D2BF2D2355CB6100F36F47 /* Products */;
			projectDirPath = "";
			projectRoot = "";
			targets = (
				B1D2BF2B2355CB6100F36F47 /* ObservablePattern */,
				B1D2BF412355CB6200F36F47 /* ObservablePatternTests */,
			);
		};
/* End PBXProject section */

/* Begin PBXResourcesBuildPhase section */
		B1D2BF2A2355CB6100F36F47 /* Resources */ = {
			isa = PBXResourcesBuildPhase;
			buildActionMask = 2147483647;
			files = (
				B1D2BF3C2355CB6200F36F47 /* LaunchScreen.storyboard in Resources */,
				B1D2BF392355CB6200F36F47 /* Assets.xcassets in Resources */,
				B1D2BF372355CB6100F36F47 /* Main.storyboard in Resources */,
			);
			runOnlyForDeploymentPostprocessing = 0;
		};
		B1D2BF402355CB6200F36F47 /* Resources */ = {
			isa = PBXResourcesBuildPhase;
			buildActionMask = 2147483647;
			files = (
			);
			runOnlyForDeploymentPostprocessing = 0;
		};
/* End PBXResourcesBuildPhase section */

/* Begin PBXSourcesBuildPhase section */
		B1D2BF282355CB6100F36F47 /* Sources */ = {
			isa = PBXSourcesBuildPhase;
			buildActionMask = 2147483647;
			files = (
				B1D2BF532355CC1200F36F47 /* Subject.swift in Sources */,
				B1D2BF552355CD1000F36F47 /* Observer.swift in Sources */,
				B1D2BF342355CB6100F36F47 /* ViewController.swift in Sources */,
				B1D2BF302355CB6100F36F47 /* AppDelegate.swift in Sources */,
				B1D2BF322355CB6100F36F47 /* SceneDelegate.swift in Sources */,
			);
			runOnlyForDeploymentPostprocessing = 0;
		};
		B1D2BF3E2355CB6200F36F47 /* Sources */ = {
			isa = PBXSourcesBuildPhase;
			buildActionMask = 2147483647;
			files = (
				B1D2BF472355CB6200F36F47 /* ObservablePatternTests.swift in Sources */,
			);
			runOnlyForDeploymentPostprocessing = 0;
		};
/* End PBXSourcesBuildPhase section */

/* Begin PBXTargetDependency section */
		B1D2BF442355CB6200F36F47 /* PBXTargetDependency */ = {
			isa = PBXTargetDependency;
			target = B1D2BF2B2355CB6100F36F47 /* ObservablePattern */;
			targetProxy = B1D2BF432355CB6200F36F47 /* PBXContainerItemProxy */;
		};
/* End PBXTargetDependency section */

/* Begin PBXVariantGroup section */
		B1D2BF352355CB6100F36F47 /* Main.storyboard */ = {
			isa = PBXVariantGroup;
			children = (
				B1D2BF362355CB6100F36F47 /* Base */,
			);
			name = Main.storyboard;
			sourceTree = "<group>";
		};
		B1D2BF3A2355CB6200F36F47 /* LaunchScreen.storyboard */ = {
			isa = PBXVariantGroup;
			children = (
				B1D2BF3B2355CB6200F36F47 /* Base */,
			);
			name = LaunchScreen.storyboard;
			sourceTree = "<group>";
		};
/* End PBXVariantGroup section */

/* Begin XCBuildConfiguration section */
		B1D2BF492355CB6200F36F47 /* Debug */ = {
			isa = XCBuildConfiguration;
			buildSettings = {
				ALWAYS_SEARCH_USER_PATHS = NO;
				CLANG_ANALYZER_NONNULL = YES;
				CLANG_ANALYZER_NUMBER_OBJECT_CONVERSION = YES_AGGRESSIVE;
				CLANG_CXX_LANGUAGE_STANDARD = "gnu++14";
				CLANG_CXX_LIBRARY = "libc++";
				CLANG_ENABLE_MODULES = YES;
				CLANG_ENABLE_OBJC_ARC = YES;
				CLANG_ENABLE_OBJC_WEAK = YES;
				CLANG_WARN_BLOCK_CAPTURE_AUTORELEASING = YES;
				CLANG_WARN_BOOL_CONVERSION = YES;
				CLANG_WARN_COMMA = YES;
				CLANG_WARN_CONSTANT_CONVERSION = YES;
				CLANG_WARN_DEPRECATED_OBJC_IMPLEMENTATIONS = YES;
				CLANG_WARN_DIRECT_OBJC_ISA_USAGE = YES_ERROR;
				CLANG_WARN_DOCUMENTATION_COMMENTS = YES;
				CLANG_WARN_EMPTY_BODY = YES;
				CLANG_WARN_ENUM_CONVERSION = YES;
				CLANG_WARN_INFINITE_RECURSION = YES;
				CLANG_WARN_INT_CONVERSION = YES;
				CLANG_WARN_NON_LITERAL_NULL_CONVERSION = YES;
				CLANG_WARN_OBJC_IMPLICIT_RETAIN_SELF = YES;
				CLANG_WARN_OBJC_LITERAL_CONVERSION = YES;
				CLANG_WARN_OBJC_ROOT_CLASS = YES_ERROR;
				CLANG_WARN_RANGE_LOOP_ANALYSIS = YES;
				CLANG_WARN_STRICT_PROTOTYPES = YES;
				CLANG_WARN_SUSPICIOUS_MOVE = YES;
				CLANG_WARN_UNGUARDED_AVAILABILITY = YES_AGGRESSIVE;
				CLANG_WARN_UNREACHABLE_CODE = YES;
				CLANG_WARN__DUPLICATE_METHOD_MATCH = YES;
				COPY_PHASE_STRIP = NO;
				DEBUG_INFORMATION_FORMAT = dwarf;
				ENABLE_STRICT_OBJC_MSGSEND = YES;
				ENABLE_TESTABILITY = YES;
				GCC_C_LANGUAGE_STANDARD = gnu11;
				GCC_DYNAMIC_NO_PIC = NO;
				GCC_NO_COMMON_BLOCKS = YES;
				GCC_OPTIMIZATION_LEVEL = 0;
				GCC_PREPROCESSOR_DEFINITIONS = (
					"DEBUG=1",
					"$(inherited)",
				);
				GCC_WARN_64_TO_32_BIT_CONVERSION = YES;
				GCC_WARN_ABOUT_RETURN_TYPE = YES_ERROR;
				GCC_WARN_UNDECLARED_SELECTOR = YES;
				GCC_WARN_UNINITIALIZED_AUTOS = YES_AGGRESSIVE;
				GCC_WARN_UNUSED_FUNCTION = YES;
				GCC_WARN_UNUSED_VARIABLE = YES;
				IPHONEOS_DEPLOYMENT_TARGET = 13.1;
				MTL_ENABLE_DEBUG_INFO = INCLUDE_SOURCE;
				MTL_FAST_MATH = YES;
				ONLY_ACTIVE_ARCH = YES;
				SDKROOT = iphoneos;
				SWIFT_ACTIVE_COMPILATION_CONDITIONS = DEBUG;
				SWIFT_OPTIMIZATION_LEVEL = "-Onone";
			};
			name = Debug;
		};
		B1D2BF4A2355CB6200F36F47 /* Release */ = {
			isa = XCBuildConfiguration;
			buildSettings = {
				ALWAYS_SEARCH_USER_PATHS = NO;
				CLANG_ANALYZER_NONNULL = YES;
				CLANG_ANALYZER_NUMBER_OBJECT_CONVERSION = YES_AGGRESSIVE;
				CLANG_CXX_LANGUAGE_STANDARD = "gnu++14";
				CLANG_CXX_LIBRARY = "libc++";
				CLANG_ENABLE_MODULES = YES;
				CLANG_ENABLE_OBJC_ARC = YES;
				CLANG_ENABLE_OBJC_WEAK = YES;
				CLANG_WARN_BLOCK_CAPTURE_AUTORELEASING = YES;
				CLANG_WARN_BOOL_CONVERSION = YES;
				CLANG_WARN_COMMA = YES;
				CLANG_WARN_CONSTANT_CONVERSION = YES;
				CLANG_WARN_DEPRECATED_OBJC_IMPLEMENTATIONS = YES;
				CLANG_WARN_DIRECT_OBJC_ISA_USAGE = YES_ERROR;
				CLANG_WARN_DOCUMENTATION_COMMENTS = YES;
				CLANG_WARN_EMPTY_BODY = YES;
				CLANG_WARN_ENUM_CONVERSION = YES;
				CLANG_WARN_INFINITE_RECURSION = YES;
				CLANG_WARN_INT_CONVERSION = YES;
				CLANG_WARN_NON_LITERAL_NULL_CONVERSION = YES;
				CLANG_WARN_OBJC_IMPLICIT_RETAIN_SELF = YES;
				CLANG_WARN_OBJC_LITERAL_CONVERSION = YES;
				CLANG_WARN_OBJC_ROOT_CLASS = YES_ERROR;
				CLANG_WARN_RANGE_LOOP_ANALYSIS = YES;
				CLANG_WARN_STRICT_PROTOTYPES = YES;
				CLANG_WARN_SUSPICIOUS_MOVE = YES;
				CLANG_WARN_UNGUARDED_AVAILABILITY = YES_AGGRESSIVE;
				CLANG_WARN_UNREACHABLE_CODE = YES;
				CLANG_WARN__DUPLICATE_METHOD_MATCH = YES;
				COPY_PHASE_STRIP = NO;
				DEBUG_INFORMATION_FORMAT = "dwarf-with-dsym";
				ENABLE_NS_ASSERTIONS = NO;
				ENABLE_STRICT_OBJC_MSGSEND = YES;
				GCC_C_LANGUAGE_STANDARD = gnu11;
				GCC_NO_COMMON_BLOCKS = YES;
				GCC_WARN_64_TO_32_BIT_CONVERSION = YES;
				GCC_WARN_ABOUT_RETURN_TYPE = YES_ERROR;
				GCC_WARN_UNDECLARED_SELECTOR = YES;
				GCC_WARN_UNINITIALIZED_AUTOS = YES_AGGRESSIVE;
				GCC_WARN_UNUSED_FUNCTION = YES;
				GCC_WARN_UNUSED_VARIABLE = YES;
				IPHONEOS_DEPLOYMENT_TARGET = 13.1;
				MTL_ENABLE_DEBUG_INFO = NO;
				MTL_FAST_MATH = YES;
				SDKROOT = iphoneos;
				SWIFT_COMPILATION_MODE = wholemodule;
				SWIFT_OPTIMIZATION_LEVEL = "-O";
				VALIDATE_PRODUCT = YES;
			};
			name = Release;
		};
		B1D2BF4C2355CB6200F36F47 /* Debug */ = {
			isa = XCBuildConfiguration;
			buildSettings = {
				ASSETCATALOG_COMPILER_APPICON_NAME = AppIcon;
				CODE_SIGN_STYLE = Automatic;
				DEVELOPMENT_TEAM = 6FK69PM53D;
				INFOPLIST_FILE = ObservablePattern/Info.plist;
				LD_RUNPATH_SEARCH_PATHS = (
					"$(inherited)",
					"@executable_path/Frameworks",
				);
				PRODUCT_BUNDLE_IDENTIFIER = smanapp.ObservablePattern;
				PRODUCT_NAME = "$(TARGET_NAME)";
				SWIFT_VERSION = 5.0;
				TARGETED_DEVICE_FAMILY = "1,2";
			};
			name = Debug;
		};
		B1D2BF4D2355CB6200F36F47 /* Release */ = {
			isa = XCBuildConfiguration;
			buildSettings = {
				ASSETCATALOG_COMPILER_APPICON_NAME = AppIcon;
				CODE_SIGN_STYLE = Automatic;
				DEVELOPMENT_TEAM = 6FK69PM53D;
				INFOPLIST_FILE = ObservablePattern/Info.plist;
				LD_RUNPATH_SEARCH_PATHS = (
					"$(inherited)",
					"@executable_path/Frameworks",
				);
				PRODUCT_BUNDLE_IDENTIFIER = smanapp.ObservablePattern;
				PRODUCT_NAME = "$(TARGET_NAME)";
				SWIFT_VERSION = 5.0;
				TARGETED_DEVICE_FAMILY = "1,2";
			};
			name = Release;
		};
		B1D2BF4F2355CB6200F36F47 /* Debug */ = {
			isa = XCBuildConfiguration;
			buildSettings = {
				ALWAYS_EMBED_SWIFT_STANDARD_LIBRARIES = YES;
				BUNDLE_LOADER = "$(TEST_HOST)";
				CODE_SIGN_STYLE = Automatic;
				DEVELOPMENT_TEAM = 6FK69PM53D;
				INFOPLIST_FILE = ObservablePatternTests/Info.plist;
				IPHONEOS_DEPLOYMENT_TARGET = 13.1;
				LD_RUNPATH_SEARCH_PATHS = (
					"$(inherited)",
					"@executable_path/Frameworks",
					"@loader_path/Frameworks",
				);
				PRODUCT_BUNDLE_IDENTIFIER = smanapp.ObservablePatternTests;
				PRODUCT_NAME = "$(TARGET_NAME)";
				SWIFT_VERSION = 5.0;
				TARGETED_DEVICE_FAMILY = "1,2";
				TEST_HOST = "$(BUILT_PRODUCTS_DIR)/ObservablePattern.app/ObservablePattern";
			};
			name = Debug;
		};
		B1D2BF502355CB6200F36F47 /* Release */ = {
			isa = XCBuildConfiguration;
			buildSettings = {
				ALWAYS_EMBED_SWIFT_STANDARD_LIBRARIES = YES;
				BUNDLE_LOADER = "$(TEST_HOST)";
				CODE_SIGN_STYLE = Automatic;
				DEVELOPMENT_TEAM = 6FK69PM53D;
				INFOPLIST_FILE = ObservablePatternTests/Info.plist;
				IPHONEOS_DEPLOYMENT_TARGET = 13.1;
				LD_RUNPATH_SEARCH_PATHS = (
					"$(inherited)",
					"@executable_path/Frameworks",
					"@loader_path/Frameworks",
				);
				PRODUCT_BUNDLE_IDENTIFIER = smanapp.ObservablePatternTests;
				PRODUCT_NAME = "$(TARGET_NAME)";
				SWIFT_VERSION = 5.0;
				TARGETED_DEVICE_FAMILY = "1,2";
				TEST_HOST = "$(BUILT_PRODUCTS_DIR)/ObservablePattern.app/ObservablePattern";
			};
			name = Release;
		};
/* End XCBuildConfiguration section */

/* Begin XCConfigurationList section */
		B1D2BF272355CB6100F36F47 /* Build configuration list for PBXProject "ObservablePattern" */ = {
			isa = XCConfigurationList;
			buildConfigurations = (
				B1D2BF492355CB6200F36F47 /* Debug */,
				B1D2BF4A2355CB6200F36F47 /* Release */,
			);
			defaultConfigurationIsVisible = 0;
			defaultConfigurationName = Release;
		};
		B1D2BF4B2355CB6200F36F47 /* Build configuration list for PBXNativeTarget "ObservablePattern" */ = {
			isa = XCConfigurationList;
			buildConfigurations = (
				B1D2BF4C2355CB6200F36F47 /* Debug */,
				B1D2BF4D2355CB6200F36F47 /* Release */,
			);
			defaultConfigurationIsVisible = 0;
			defaultConfigurationName = Release;
		};
		B1D2BF4E2355CB6200F36F47 /* Build configuration list for PBXNativeTarget "ObservablePatternTests" */ = {
			isa = XCConfigurationList;
			buildConfigurations = (
				B1D2BF4F2355CB6200F36F47 /* Debug */,
				B1D2BF502355CB6200F36F47 /* Release */,
			);
			defaultConfigurationIsVisible = 0;
			defaultConfigurationName = Release;
		};
/* End XCConfigurationList section */
	};
	rootObject = B1D2BF242355CB6100F36F47 /* Project object */;
}
